
Microsoft Visual Studio Solution File, Format Version 12.00
# Visual Studio Version 17
VisualStudioVersion = 17.3.32825.248
MinimumVisualStudioVersion = 10.0.40219.1
Project("{FAE04EC0-301F-11D3-BF4B-00C04F79EFBC}") = "JokeScraper", "JokeScraper\JokeScraper.csproj", "{39F7E2CF-6E53-43E3-93E2-84F0226F70D3}"
EndProject
Global
	GlobalSection(SolutionConfigurationPlatforms) = preSolution
		Debug|Any CPU = Debug|Any CPU
		Release|Any CPU = Release|Any CPU
	EndGlobalSection
	GlobalSection(ProjectConfigurationPlatforms) = postSolution
		{39F7E2CF-6E53-43E3-93E2-84F0226F70D3}.Debug|Any CPU.ActiveCfg = Debug|Any CPU
		{39F7E2CF-6E53-43E3-93E2-84F0226F70D3}.Debug|Any CPU.Build.0 = Debug|Any CPU
		{39F7E2CF-6E53-43E3-93E2-84F0226F70D3}.Release|Any CPU.ActiveCfg = Release|Any CPU
		{39F7E2CF-6E53-43E3-93E2-84F0226F70D3}.Release|Any CPU.Build.0 = Release|Any CPU
	EndGlobalSection
	GlobalSection(SolutionProperties) = preSolution
		HideSolutionNode = FALSE
	EndGlobalSection
	GlobalSection(ExtensibilityGlobals) = postSolution
		SolutionGuid = {6CBA64C9-F96B-40CD-B17A-5039C799BA45}
	EndGlobalSection
EndGlobal
